
Microsoft Visual Studio Solution File, Format Version 12.00
# Visual Studio Version 17
VisualStudioVersion = 17.13.35913.81 d17.13
MinimumVisualStudioVersion = 10.0.40219.1
Project("{FAE04EC0-301F-11D3-BF4B-00C04F79EFBC}") = "AccomodationBookingMVC", "AccomodationBookingMVC\AccomodationBookingMVC.csproj", "{59B41370-205F-487B-95B8-9DED91DB3AD9}"
EndProject
Global
	GlobalSection(SolutionConfigurationPlatforms) = preSolution
		Debug|Any CPU = Debug|Any CPU
		Release|Any CPU = Release|Any CPU
	EndGlobalSection
	GlobalSection(ProjectConfigurationPlatforms) = postSolution
		{59B41370-205F-487B-95B8-9DED91DB3AD9}.Debug|Any CPU.ActiveCfg = Debug|Any CPU
		{59B41370-205F-487B-95B8-9DED91DB3AD9}.Debug|Any CPU.Build.0 = Debug|Any CPU
		{59B41370-205F-487B-95B8-9DED91DB3AD9}.Release|Any CPU.ActiveCfg = Release|Any CPU
		{59B41370-205F-487B-95B8-9DED91DB3AD9}.Release|Any CPU.Build.0 = Release|Any CPU
	EndGlobalSection
	GlobalSection(SolutionProperties) = preSolution
		HideSolutionNode = FALSE
	EndGlobalSection
	GlobalSection(ExtensibilityGlobals) = postSolution
		SolutionGuid = {4BE08532-9938-4748-A826-28D4F2B444F3}
	EndGlobalSection
EndGlobal
